
Microsoft Visual Studio Solution File, Format Version 10.00
# Visual Studio 2008
Project("{8BC9CEB8-8B4A-11D0-8D11-00A0C91BC942}") = "SimpleTest", "SimpleTest.vcproj", "{43FF06A2-91A4-47BB-823A-7A3486B6E639}"
EndProject
Global
	GlobalSection(SolutionConfigurationPlatforms) = preSolution
		Debug|Win32 = Debug|Win32
		Release|Win32 = Release|Win32
	EndGlobalSection
	GlobalSection(ProjectConfigurationPlatforms) = postSolution
		{43FF06A2-91A4-47BB-823A-7A3486B6E639}.Debug|Win32.ActiveCfg = Debug|Win32
		{43FF06A2-91A4-47BB-823A-7A3486B6E639}.Debug|Win32.Build.0 = Debug|Win32
		{43FF06A2-91A4-47BB-823A-7A3486B6E639}.Release|Win32.ActiveCfg = Release|Win32
		{43FF06A2-91A4-47BB-823A-7A3486B6E639}.Release|Win32.Build.0 = Release|Win32
	EndGlobalSection
	GlobalSection(SolutionProperties) = preSolution
		HideSolutionNode = FALSE
	EndGlobalSection
EndGlobal
