
Microsoft Visual Studio Solution File, Format Version 9.00
# Visual C++ Express 2005
Project("{8BC9CEB8-8B4A-11D0-8D11-00A0C91BC942}") = "inetc", "inetc.vcproj", "{1DBA274F-7935-43F0-804D-436E69DE932E}"
EndProject
Global
	GlobalSection(SolutionConfigurationPlatforms) = preSolution
		Debug|Win32 = Debug|Win32
		Release|Win32 = Release|Win32
	EndGlobalSection
	GlobalSection(ProjectConfigurationPlatforms) = postSolution
		{1DBA274F-7935-43F0-804D-436E69DE932E}.Debug|Win32.ActiveCfg = Debug|Win32
		{1DBA274F-7935-43F0-804D-436E69DE932E}.Debug|Win32.Build.0 = Debug|Win32
		{1DBA274F-7935-43F0-804D-436E69DE932E}.Release|Win32.ActiveCfg = Release|Win32
		{1DBA274F-7935-43F0-804D-436E69DE932E}.Release|Win32.Build.0 = Release|Win32
	EndGlobalSection
	GlobalSection(SolutionProperties) = preSolution
		HideSolutionNode = FALSE
	EndGlobalSection
EndGlobal
